
Microsoft Visual Studio Solution File, Format Version 12.00
# Visual Studio Version 16
VisualStudioVersion = 25.0.1703.3
MinimumVisualStudioVersion = 10.0.40219.1
Project("{FAE04EC0-301F-11D3-BF4B-00C04F79EFBC}") = "Reservation", "Reservation.csproj", "{4FB4F099-9BB3-46A1-9552-03202F6D7FC4}"
EndProject
Global
	GlobalSection(SolutionConfigurationPlatforms) = preSolution
		Debug|Any CPU = Debug|Any CPU
		Release|Any CPU = Release|Any CPU
	EndGlobalSection
	GlobalSection(ProjectConfigurationPlatforms) = postSolution
		{4FB4F099-9BB3-46A1-9552-03202F6D7FC4}.Debug|Any CPU.ActiveCfg = Debug|Any CPU
		{4FB4F099-9BB3-46A1-9552-03202F6D7FC4}.Debug|Any CPU.Build.0 = Debug|Any CPU
		{4FB4F099-9BB3-46A1-9552-03202F6D7FC4}.Release|Any CPU.ActiveCfg = Release|Any CPU
		{4FB4F099-9BB3-46A1-9552-03202F6D7FC4}.Release|Any CPU.Build.0 = Release|Any CPU
	EndGlobalSection
	GlobalSection(SolutionProperties) = preSolution
		HideSolutionNode = FALSE
	EndGlobalSection
	GlobalSection(ExtensibilityGlobals) = postSolution
		SolutionGuid = {4B328950-382A-4D7C-84E1-7BB58060CB3D}
	EndGlobalSection
EndGlobal
